// !$*UTF8*$!
{
	archiveVersion = 1;
	classes = {
	};
	objectVersion = 51;
	objects = {

/* Begin PBXBuildFile section */
		19448E872324B2E600DB277D /* AppDelegate.swift in Sources */ = {isa = PBXBuildFile; fileRef = 19448E862324B2E600DB277D /* AppDelegate.swift */; };
		19448E892324B2E600DB277D /* MoviesViewController.swift in Sources */ = {isa = PBXBuildFile; fileRef = 19448E882324B2E600DB277D /* MoviesViewController.swift */; };
		19448E8C2324B2E600DB277D /* Main.storyboard in Resources */ = {isa = PBXBuildFile; fileRef = 19448E8A2324B2E600DB277D /* Main.storyboard */; };
		19448E8E2324B2E800DB277D /* Assets.xcassets in Resources */ = {isa = PBXBuildFile; fileRef = 19448E8D2324B2E800DB277D /* Assets.xcassets */; };
		19448E912324B2E800DB277D /* LaunchScreen.storyboard in Resources */ = {isa = PBXBuildFile; fileRef = 19448E8F2324B2E800DB277D /* LaunchScreen.storyboard */; };
		19448E9C2324B2E800DB277D /* FlixTests.swift in Sources */ = {isa = PBXBuildFile; fileRef = 19448E9B2324B2E800DB277D /* FlixTests.swift */; };
		19448EA72324B2E800DB277D /* FlixUITests.swift in Sources */ = {isa = PBXBuildFile; fileRef = 19448EA62324B2E800DB277D /* FlixUITests.swift */; };
		19448EB92324C3E300DB277D /* MovieCell.swift in Sources */ = {isa = PBXBuildFile; fileRef = 19448EB82324C3E300DB277D /* MovieCell.swift */; };
		19C2F50023306F710047613C /* MovieDetailsViewController.swift in Sources */ = {isa = PBXBuildFile; fileRef = 19C2F4FF23306F710047613C /* MovieDetailsViewController.swift */; };
		3DF827976820698A7DAB2724 /* Pods_FlixUITests.framework in Frameworks */ = {isa = PBXBuildFile; fileRef = 1E9A41BC362DB7C5AC7274B4 /* Pods_FlixUITests.framework */; };
		B4F44F055F85BDAA78ABE3C9 /* Pods_FlixTests.framework in Frameworks */ = {isa = PBXBuildFile; fileRef = 23E3BED98DA08A7C3F569BEA /* Pods_FlixTests.framework */; };
		CB4769BDDE0BBB5C965AD0CF /* Pods_Flix.framework in Frameworks */ = {isa = PBXBuildFile; fileRef = C7567F3758C37E5BDA3BC266 /* Pods_Flix.framework */; };
/* End PBXBuildFile section */

/* Begin PBXContainerItemProxy section */
		19448E982324B2E800DB277D /* PBXContainerItemProxy */ = {
			isa = PBXContainerItemProxy;
			containerPortal = 19448E7B2324B2E600DB277D /* Project object */;
			proxyType = 1;
			remoteGlobalIDString = 19448E822324B2E600DB277D;
			remoteInfo = Flix;
		};
		19448EA32324B2E800DB277D /* PBXContainerItemProxy */ = {
			isa = PBXContainerItemProxy;
			containerPortal = 19448E7B2324B2E600DB277D /* Project object */;
			proxyType = 1;
			remoteGlobalIDString = 19448E822324B2E600DB277D;
			remoteInfo = Flix;
		};
/* End PBXContainerItemProxy section */

/* Begin PBXFileReference section */
		1891040E46087EF082CBC808 /* Pods-FlixTests.release.xcconfig */ = {isa = PBXFileReference; includeInIndex = 1; lastKnownFileType = text.xcconfig; name = "Pods-FlixTests.release.xcconfig"; path = "Target Support Files/Pods-FlixTests/Pods-FlixTests.release.xcconfig"; sourceTree = "<group>"; };
		19448E832324B2E600DB277D /* Flix.app */ = {isa = PBXFileReference; explicitFileType = wrapper.application; includeInIndex = 0; path = Flix.app; sourceTree = BUILT_PRODUCTS_DIR; };
		19448E862324B2E600DB277D /* AppDelegate.swift */ = {isa = PBXFileReference; lastKnownFileType = sourcecode.swift; path = AppDelegate.swift; sourceTree = "<group>"; };
		19448E882324B2E600DB277D /* MoviesViewController.swift */ = {isa = PBXFileReference; lastKnownFileType = sourcecode.swift; path = MoviesViewController.swift; sourceTree = "<group>"; };
		19448E8B2324B2E600DB277D /* Base */ = {isa = PBXFileReference; lastKnownFileType = file.storyboard; name = Base; path = Base.lproj/Main.storyboard; sourceTree = "<group>"; };
		19448E8D2324B2E800DB277D /* Assets.xcassets */ = {isa = PBXFileReference; lastKnownFileType = folder.assetcatalog; path = Assets.xcassets; sourceTree = "<group>"; };
		19448E902324B2E800DB277D /* Base */ = {isa = PBXFileReference; lastKnownFileType = file.storyboard; name = Base; path = Base.lproj/LaunchScreen.storyboard; sourceTree = "<group>"; };
		19448E922324B2E800DB277D /* Info.plist */ = {isa = PBXFileReference; lastKnownFileType = text.plist.xml; path = Info.plist; sourceTree = "<group>"; };
		19448E972324B2E800DB277D /* FlixTests.xctest */ = {isa = PBXFileReference; explicitFileType = wrapper.cfbundle; includeInIndex = 0; path = FlixTests.xctest; sourceTree = BUILT_PRODUCTS_DIR; };
		19448E9B2324B2E800DB277D /* FlixTests.swift */ = {isa = PBXFileReference; lastKnownFileType = sourcecode.swift; path = FlixTests.swift; sourceTree = "<group>"; };
		19448E9D2324B2E800DB277D /* Info.plist */ = {isa = PBXFileReference; lastKnownFileType = text.plist.xml; path = Info.plist; sourceTree = "<group>"; };
		19448EA22324B2E800DB277D /* FlixUITests.xctest */ = {isa = PBXFileReference; explicitFileType = wrapper.cfbundle; includeInIndex = 0; path = FlixUITests.xctest; sourceTree = BUILT_PRODUCTS_DIR; };
		19448EA62324B2E800DB277D /* FlixUITests.swift */ = {isa = PBXFileReference; lastKnownFileType = sourcecode.swift; path = FlixUITests.swift; sourceTree = "<group>"; };
		19448EA82324B2E800DB277D /* Info.plist */ = {isa = PBXFileReference; lastKnownFileType = text.plist.xml; path = Info.plist; sourceTree = "<group>"; };
		19448EB82324C3E300DB277D /* MovieCell.swift */ = {isa = PBXFileReference; lastKnownFileType = sourcecode.swift; path = MovieCell.swift; sourceTree = "<group>"; };
		19C2F4FF23306F710047613C /* MovieDetailsViewController.swift */ = {isa = PBXFileReference; lastKnownFileType = sourcecode.swift; path = MovieDetailsViewController.swift; sourceTree = "<group>"; };
		1E9A41BC362DB7C5AC7274B4 /* Pods_FlixUITests.framework */ = {isa = PBXFileReference; explicitFileType = wrapper.framework; includeInIndex = 0; path = Pods_FlixUITests.framework; sourceTree = BUILT_PRODUCTS_DIR; };
		23E3BED98DA08A7C3F569BEA /* Pods_FlixTests.framework */ = {isa = PBXFileReference; explicitFileType = wrapper.framework; includeInIndex = 0; path = Pods_FlixTests.framework; sourceTree = BUILT_PRODUCTS_DIR; };
		254ED12E566B167858C773E8 /* Pods-FlixTests.debug.xcconfig */ = {isa = PBXFileReference; includeInIndex = 1; lastKnownFileType = text.xcconfig; name = "Pods-FlixTests.debug.xcconfig"; path = "Target Support Files/Pods-FlixTests/Pods-FlixTests.debug.xcconfig"; sourceTree = "<group>"; };
		280F8CEC9064BE62031BAD2A /* Pods-FlixUITests.release.xcconfig */ = {isa = PBXFileReference; includeInIndex = 1; lastKnownFileType = text.xcconfig; name = "Pods-FlixUITests.release.xcconfig"; path = "Target Support Files/Pods-FlixUITests/Pods-FlixUITests.release.xcconfig"; sourceTree = "<group>"; };
		7FE04A92843F34D9C6CD0AE8 /* Pods-Flix.release.xcconfig */ = {isa = PBXFileReference; includeInIndex = 1; lastKnownFileType = text.xcconfig; name = "Pods-Flix.release.xcconfig"; path = "Target Support Files/Pods-Flix/Pods-Flix.release.xcconfig"; sourceTree = "<group>"; };
		A51AA0B786AF214E18A25878 /* Pods-FlixUITests.debug.xcconfig */ = {isa = PBXFileReference; includeInIndex = 1; lastKnownFileType = text.xcconfig; name = "Pods-FlixUITests.debug.xcconfig"; path = "Target Support Files/Pods-FlixUITests/Pods-FlixUITests.debug.xcconfig"; sourceTree = "<group>"; };
		BEA94DA5D4AE17CDE37715BA /* Pods-Flix.debug.xcconfig */ = {isa = PBXFileReference; includeInIndex = 1; lastKnownFileType = text.xcconfig; name = "Pods-Flix.debug.xcconfig"; path = "Target Support Files/Pods-Flix/Pods-Flix.debug.xcconfig"; sourceTree = "<group>"; };
		C7567F3758C37E5BDA3BC266 /* Pods_Flix.framework */ = {isa = PBXFileReference; explicitFileType = wrapper.framework; includeInIndex = 0; path = Pods_Flix.framework; sourceTree = BUILT_PRODUCTS_DIR; };
/* End PBXFileReference section */

/* Begin PBXFrameworksBuildPhase section */
		19448E802324B2E600DB277D /* Frameworks */ = {
			isa = PBXFrameworksBuildPhase;
			buildActionMask = 2147483647;
			files = (
				CB4769BDDE0BBB5C965AD0CF /* Pods_Flix.framework in Frameworks */,
			);
			runOnlyForDeploymentPostprocessing = 0;
		};
		19448E942324B2E800DB277D /* Frameworks */ = {
			isa = PBXFrameworksBuildPhase;
			buildActionMask = 2147483647;
			files = (
				B4F44F055F85BDAA78ABE3C9 /* Pods_FlixTests.framework in Frameworks */,
			);
			runOnlyForDeploymentPostprocessing = 0;
		};
		19448E9F2324B2E800DB277D /* Frameworks */ = {
			isa = PBXFrameworksBuildPhase;
			buildActionMask = 2147483647;
			files = (
				3DF827976820698A7DAB2724 /* Pods_FlixUITests.framework in Frameworks */,
			);
			runOnlyForDeploymentPostprocessing = 0;
		};
/* End PBXFrameworksBuildPhase section */

/* Begin PBXGroup section */
		19448E7A2324B2E600DB277D = {
			isa = PBXGroup;
			children = (
				19448E852324B2E600DB277D /* Flix */,
				19448E9A2324B2E800DB277D /* FlixTests */,
				19448EA52324B2E800DB277D /* FlixUITests */,
				19448E842324B2E600DB277D /* Products */,
				8D8F2E10DFC6E87B55EA146B /* Pods */,
				39DE117BEA954D95CF49CB02 /* Frameworks */,
			);
			sourceTree = "<group>";
		};
		19448E842324B2E600DB277D /* Products */ = {
			isa = PBXGroup;
			children = (
				19448E832324B2E600DB277D /* Flix.app */,
				19448E972324B2E800DB277D /* FlixTests.xctest */,
				19448EA22324B2E800DB277D /* FlixUITests.xctest */,
			);
			name = Products;
			sourceTree = "<group>";
		};
		19448E852324B2E600DB277D /* Flix */ = {
			isa = PBXGroup;
			children = (
				19448E862324B2E600DB277D /* AppDelegate.swift */,
				19448E882324B2E600DB277D /* MoviesViewController.swift */,
				19448E8A2324B2E600DB277D /* Main.storyboard */,
				19448E8D2324B2E800DB277D /* Assets.xcassets */,
				19448E8F2324B2E800DB277D /* LaunchScreen.storyboard */,
				19448E922324B2E800DB277D /* Info.plist */,
				19448EB82324C3E300DB277D /* MovieCell.swift */,
				19C2F4FF23306F710047613C /* MovieDetailsViewController.swift */,
			);
			path = Flix;
			sourceTree = "<group>";
		};
		19448E9A2324B2E800DB277D /* FlixTests */ = {
			isa = PBXGroup;
			children = (
				19448E9B2324B2E800DB277D /* FlixTests.swift */,
				19448E9D2324B2E800DB277D /* Info.plist */,
			);
			path = FlixTests;
			sourceTree = "<group>";
		};
		19448EA52324B2E800DB277D /* FlixUITests */ = {
			isa = PBXGroup;
			children = (
				19448EA62324B2E800DB277D /* FlixUITests.swift */,
				19448EA82324B2E800DB277D /* Info.plist */,
			);
			path = FlixUITests;
			sourceTree = "<group>";
		};
		39DE117BEA954D95CF49CB02 /* Frameworks */ = {
			isa = PBXGroup;
			children = (
				C7567F3758C37E5BDA3BC266 /* Pods_Flix.framework */,
				23E3BED98DA08A7C3F569BEA /* Pods_FlixTests.framework */,
				1E9A41BC362DB7C5AC7274B4 /* Pods_FlixUITests.framework */,
			);
			name = Frameworks;
			sourceTree = "<group>";
		};
		8D8F2E10DFC6E87B55EA146B /* Pods */ = {
			isa = PBXGroup;
			children = (
				BEA94DA5D4AE17CDE37715BA /* Pods-Flix.debug.xcconfig */,
				7FE04A92843F34D9C6CD0AE8 /* Pods-Flix.release.xcconfig */,
				254ED12E566B167858C773E8 /* Pods-FlixTests.debug.xcconfig */,
				1891040E46087EF082CBC808 /* Pods-FlixTests.release.xcconfig */,
				A51AA0B786AF214E18A25878 /* Pods-FlixUITests.debug.xcconfig */,
				280F8CEC9064BE62031BAD2A /* Pods-FlixUITests.release.xcconfig */,
			);
			path = Pods;
			sourceTree = "<group>";
		};
/* End PBXGroup section */

/* Begin PBXNativeTarget section */
		19448E822324B2E600DB277D /* Flix */ = {
			isa = PBXNativeTarget;
			buildConfigurationList = 19448EAB2324B2E800DB277D /* Build configuration list for PBXNativeTarget "Flix" */;
			buildPhases = (
				31A077732F11BD916F3862D5 /* [CP] Check Pods Manifest.lock */,
				19448E7F2324B2E600DB277D /* Sources */,
				19448E802324B2E600DB277D /* Frameworks */,
				19448E812324B2E600DB277D /* Resources */,
				6D23E393E15A3345C6E3FAF5 /* [CP] Embed Pods Frameworks */,
			);
			buildRules = (
			);
			dependencies = (
			);
			name = Flix;
			productName = Flix;
			productReference = 19448E832324B2E600DB277D /* Flix.app */;
			productType = "com.apple.product-type.application";
		};
		19448E962324B2E800DB277D /* FlixTests */ = {
			isa = PBXNativeTarget;
			buildConfigurationList = 19448EAE2324B2E800DB277D /* Build configuration list for PBXNativeTarget "FlixTests" */;
			buildPhases = (
				95C249FAF06F964F495856A2 /* [CP] Check Pods Manifest.lock */,
				19448E932324B2E800DB277D /* Sources */,
				19448E942324B2E800DB277D /* Frameworks */,
				19448E952324B2E800DB277D /* Resources */,
			);
			buildRules = (
			);
			dependencies = (
				19448E992324B2E800DB277D /* PBXTargetDependency */,
			);
			name = FlixTests;
			productName = FlixTests;
			productReference = 19448E972324B2E800DB277D /* FlixTests.xctest */;
			productType = "com.apple.product-type.bundle.unit-test";
		};
		19448EA12324B2E800DB277D /* FlixUITests */ = {
			isa = PBXNativeTarget;
			buildConfigurationList = 19448EB12324B2E800DB277D /* Build configuration list for PBXNativeTarget "FlixUITests" */;
			buildPhases = (
				E79321D9A2849556AB0EFEA8 /* [CP] Check Pods Manifest.lock */,
				19448E9E2324B2E800DB277D /* Sources */,
				19448E9F2324B2E800DB277D /* Frameworks */,
				19448EA02324B2E800DB277D /* Resources */,
			);
			buildRules = (
			);
			dependencies = (
				19448EA42324B2E800DB277D /* PBXTargetDependency */,
			);
			name = FlixUITests;
			productName = FlixUITests;
			productReference = 19448EA22324B2E800DB277D /* FlixUITests.xctest */;
			productType = "com.apple.product-type.bundle.ui-testing";
		};
/* End PBXNativeTarget section */

/* Begin PBXProject section */
		19448E7B2324B2E600DB277D /* Project object */ = {
			isa = PBXProject;
			attributes = {
				LastSwiftUpdateCheck = 1030;
				LastUpgradeCheck = 1030;
				ORGANIZATIONNAME = "Brett Stevenson";
				TargetAttributes = {
					19448E822324B2E600DB277D = {
						CreatedOnToolsVersion = 10.3;
					};
					19448E962324B2E800DB277D = {
						CreatedOnToolsVersion = 10.3;
						TestTargetID = 19448E822324B2E600DB277D;
					};
					19448EA12324B2E800DB277D = {
						CreatedOnToolsVersion = 10.3;
						TestTargetID = 19448E822324B2E600DB277D;
					};
				};
			};
			buildConfigurationList = 19448E7E2324B2E600DB277D /* Build configuration list for PBXProject "Flix" */;
			compatibilityVersion = "Xcode 9.3";
			developmentRegion = en;
			hasScannedForEncodings = 0;
			knownRegions = (
				en,
				Base,
			);
			mainGroup = 19448E7A2324B2E600DB277D;
			productRefGroup = 19448E842324B2E600DB277D /* Products */;
			projectDirPath = "";
			projectRoot = "";
			targets = (
				19448E822324B2E600DB277D /* Flix */,
				19448E962324B2E800DB277D /* FlixTests */,
				19448EA12324B2E800DB277D /* FlixUITests */,
			);
		};
/* End PBXProject section */

/* Begin PBXResourcesBuildPhase section */
		19448E812324B2E600DB277D /* Resources */ = {
			isa = PBXResourcesBuildPhase;
			buildActionMask = 2147483647;
			files = (
				19448E912324B2E800DB277D /* LaunchScreen.storyboard in Resources */,
				19448E8E2324B2E800DB277D /* Assets.xcassets in Resources */,
				19448E8C2324B2E600DB277D /* Main.storyboard in Resources */,
			);
			runOnlyForDeploymentPostprocessing = 0;
		};
		19448E952324B2E800DB277D /* Resources */ = {
			isa = PBXResourcesBuildPhase;
			buildActionMask = 2147483647;
			files = (
			);
			runOnlyForDeploymentPostprocessing = 0;
		};
		19448EA02324B2E800DB277D /* Resources */ = {
			isa = PBXResourcesBuildPhase;
			buildActionMask = 2147483647;
			files = (
			);
			runOnlyForDeploymentPostprocessing = 0;
		};
/* End PBXResourcesBuildPhase section */

/* Begin PBXShellScriptBuildPhase section */
		31A077732F11BD916F3862D5 /* [CP] Check Pods Manifest.lock */ = {
			isa = PBXShellScriptBuildPhase;
			buildActionMask = 2147483647;
			files = (
			);
			inputFileListPaths = (
			);
			inputPaths = (
				"${PODS_PODFILE_DIR_PATH}/Podfile.lock",
				"${PODS_ROOT}/Manifest.lock",
			);
			name = "[CP] Check Pods Manifest.lock";
			outputFileListPaths = (
			);
			outputPaths = (
				"$(DERIVED_FILE_DIR)/Pods-Flix-checkManifestLockResult.txt",
			);
			runOnlyForDeploymentPostprocessing = 0;
			shellPath = /bin/sh;
			shellScript = "diff \"${PODS_PODFILE_DIR_PATH}/Podfile.lock\" \"${PODS_ROOT}/Manifest.lock\" > /dev/null\nif [ $? != 0 ] ; then\n    # print error to STDERR\n    echo \"error: The sandbox is not in sync with the Podfile.lock. Run 'pod install' or update your CocoaPods installation.\" >&2\n    exit 1\nfi\n# This output is used by Xcode 'outputs' to avoid re-running this script phase.\necho \"SUCCESS\" > \"${SCRIPT_OUTPUT_FILE_0}\"\n";
			showEnvVarsInLog = 0;
		};
		6D23E393E15A3345C6E3FAF5 /* [CP] Embed Pods Frameworks */ = {
			isa = PBXShellScriptBuildPhase;
			buildActionMask = 2147483647;
			files = (
			);
			inputFileListPaths = (
				"${PODS_ROOT}/Target Support Files/Pods-Flix/Pods-Flix-frameworks-${CONFIGURATION}-input-files.xcfilelist",
			);
			name = "[CP] Embed Pods Frameworks";
			outputFileListPaths = (
				"${PODS_ROOT}/Target Support Files/Pods-Flix/Pods-Flix-frameworks-${CONFIGURATION}-output-files.xcfilelist",
			);
			runOnlyForDeploymentPostprocessing = 0;
			shellPath = /bin/sh;
			shellScript = "\"${PODS_ROOT}/Target Support Files/Pods-Flix/Pods-Flix-frameworks.sh\"\n";
			showEnvVarsInLog = 0;
		};
		95C249FAF06F964F495856A2 /* [CP] Check Pods Manifest.lock */ = {
			isa = PBXShellScriptBuildPhase;
			buildActionMask = 2147483647;
			files = (
			);
			inputFileListPaths = (
			);
			inputPaths = (
				"${PODS_PODFILE_DIR_PATH}/Podfile.lock",
				"${PODS_ROOT}/Manifest.lock",
			);
			name = "[CP] Check Pods Manifest.lock";
			outputFileListPaths = (
			);
			outputPaths = (
				"$(DERIVED_FILE_DIR)/Pods-FlixTests-checkManifestLockResult.txt",
			);
			runOnlyForDeploymentPostprocessing = 0;
			shellPath = /bin/sh;
			shellScript = "diff \"${PODS_PODFILE_DIR_PATH}/Podfile.lock\" \"${PODS_ROOT}/Manifest.lock\" > /dev/null\nif [ $? != 0 ] ; then\n    # print error to STDERR\n    echo \"error: The sandbox is not in sync with the Podfile.lock. Run 'pod install' or update your CocoaPods installation.\" >&2\n    exit 1\nfi\n# This output is used by Xcode 'outputs' to avoid re-running this script phase.\necho \"SUCCESS\" > \"${SCRIPT_OUTPUT_FILE_0}\"\n";
			showEnvVarsInLog = 0;
		};
		E79321D9A2849556AB0EFEA8 /* [CP] Check Pods Manifest.lock */ = {
			isa = PBXShellScriptBuildPhase;
			buildActionMask = 2147483647;
			files = (
			);
			inputFileListPaths = (
			);
			inputPaths = (
				"${PODS_PODFILE_DIR_PATH}/Podfile.lock",
				"${PODS_ROOT}/Manifest.lock",
			);
			name = "[CP] Check Pods Manifest.lock";
			outputFileListPaths = (
			);
			outputPaths = (
				"$(DERIVED_FILE_DIR)/Pods-FlixUITests-checkManifestLockResult.txt",
			);
			runOnlyForDeploymentPostprocessing = 0;
			shellPath = /bin/sh;
			shellScript = "diff \"${PODS_PODFILE_DIR_PATH}/Podfile.lock\" \"${PODS_ROOT}/Manifest.lock\" > /dev/null\nif [ $? != 0 ] ; then\n    # print error to STDERR\n    echo \"error: The sandbox is not in sync with the Podfile.lock. Run 'pod install' or update your CocoaPods installation.\" >&2\n    exit 1\nfi\n# This output is used by Xcode 'outputs' to avoid re-running this script phase.\necho \"SUCCESS\" > \"${SCRIPT_OUTPUT_FILE_0}\"\n";
			showEnvVarsInLog = 0;
		};
/* End PBXShellScriptBuildPhase section */

/* Begin PBXSourcesBuildPhase section */
		19448E7F2324B2E600DB277D /* Sources */ = {
			isa = PBXSourcesBuildPhase;
			buildActionMask = 2147483647;
			files = (
				19C2F50023306F710047613C /* MovieDetailsViewController.swift in Sources */,
				19448E892324B2E600DB277D /* MoviesViewController.swift in Sources */,
				19448E872324B2E600DB277D /* AppDelegate.swift in Sources */,
				19448EB92324C3E300DB277D /* MovieCell.swift in Sources */,
			);
			runOnlyForDeploymentPostprocessing = 0;
		};
		19448E932324B2E800DB277D /* Sources */ = {
			isa = PBXSourcesBuildPhase;
			buildActionMask = 2147483647;
			files = (
				19448E9C2324B2E800DB277D /* FlixTests.swift in Sources */,
			);
			runOnlyForDeploymentPostprocessing = 0;
		};
		19448E9E2324B2E800DB277D /* Sources */ = {
			isa = PBXSourcesBuildPhase;
			buildActionMask = 2147483647;
			files = (
				19448EA72324B2E800DB277D /* FlixUITests.swift in Sources */,
			);
			runOnlyForDeploymentPostprocessing = 0;
		};
/* End PBXSourcesBuildPhase section */

/* Begin PBXTargetDependency section */
		19448E992324B2E800DB277D /* PBXTargetDependency */ = {
			isa = PBXTargetDependency;
			target = 19448E822324B2E600DB277D /* Flix */;
			targetProxy = 19448E982324B2E800DB277D /* PBXContainerItemProxy */;
		};
		19448EA42324B2E800DB277D /* PBXTargetDependency */ = {
			isa = PBXTargetDependency;
			target = 19448E822324B2E600DB277D /* Flix */;
			targetProxy = 19448EA32324B2E800DB277D /* PBXContainerItemProxy */;
		};
/* End PBXTargetDependency section */

/* Begin PBXVariantGroup section */
		19448E8A2324B2E600DB277D /* Main.storyboard */ = {
			isa = PBXVariantGroup;
			children = (
				19448E8B2324B2E600DB277D /* Base */,
			);
			name = Main.storyboard;
			sourceTree = "<group>";
		};
		19448E8F2324B2E800DB277D /* LaunchScreen.storyboard */ = {
			isa = PBXVariantGroup;
			children = (
				19448E902324B2E800DB277D /* Base */,
			);
			name = LaunchScreen.storyboard;
			sourceTree = "<group>";
		};
/* End PBXVariantGroup section */

/* Begin XCBuildConfiguration section */
		19448EA92324B2E800DB277D /* Debug */ = {
			isa = XCBuildConfiguration;
			buildSettings = {
				ALWAYS_SEARCH_USER_PATHS = NO;
				CLANG_ANALYZER_NONNULL = YES;
				CLANG_ANALYZER_NUMBER_OBJECT_CONVERSION = YES_AGGRESSIVE;
				CLANG_CXX_LANGUAGE_STANDARD = "gnu++14";
				CLANG_CXX_LIBRARY = "libc++";
				CLANG_ENABLE_MODULES = YES;
				CLANG_ENABLE_OBJC_ARC = YES;
				CLANG_ENABLE_OBJC_WEAK = YES;
				CLANG_WARN_BLOCK_CAPTURE_AUTORELEASING = YES;
				CLANG_WARN_BOOL_CONVERSION = YES;
				CLANG_WARN_COMMA = YES;
				CLANG_WARN_CONSTANT_CONVERSION = YES;
				CLANG_WARN_DEPRECATED_OBJC_IMPLEMENTATIONS = YES;
				CLANG_WARN_DIRECT_OBJC_ISA_USAGE = YES_ERROR;
				CLANG_WARN_DOCUMENTATION_COMMENTS = YES;
				CLANG_WARN_EMPTY_BODY = YES;
				CLANG_WARN_ENUM_CONVERSION = YES;
				CLANG_WARN_INFINITE_RECURSION = YES;
				CLANG_WARN_INT_CONVERSION = YES;
				CLANG_WARN_NON_LITERAL_NULL_CONVERSION = YES;
				CLANG_WARN_OBJC_IMPLICIT_RETAIN_SELF = YES;
				CLANG_WARN_OBJC_LITERAL_CONVERSION = YES;
				CLANG_WARN_OBJC_ROOT_CLASS = YES_ERROR;
				CLANG_WARN_RANGE_LOOP_ANALYSIS = YES;
				CLANG_WARN_STRICT_PROTOTYPES = YES;
				CLANG_WARN_SUSPICIOUS_MOVE = YES;
				CLANG_WARN_UNGUARDED_AVAILABILITY = YES_AGGRESSIVE;
				CLANG_WARN_UNREACHABLE_CODE = YES;
				CLANG_WARN__DUPLICATE_METHOD_MATCH = YES;
				CODE_SIGN_IDENTITY = "iPhone Developer";
				COPY_PHASE_STRIP = NO;
				DEBUG_INFORMATION_FORMAT = dwarf;
				ENABLE_STRICT_OBJC_MSGSEND = YES;
				ENABLE_TESTABILITY = YES;
				GCC_C_LANGUAGE_STANDARD = gnu11;
				GCC_DYNAMIC_NO_PIC = NO;
				GCC_NO_COMMON_BLOCKS = YES;
				GCC_OPTIMIZATION_LEVEL = 0;
				GCC_PREPROCESSOR_DEFINITIONS = (
					"DEBUG=1",
					"$(inherited)",
				);
				GCC_WARN_64_TO_32_BIT_CONVERSION = YES;
				GCC_WARN_ABOUT_RETURN_TYPE = YES_ERROR;
				GCC_WARN_UNDECLARED_SELECTOR = YES;
				GCC_WARN_UNINITIALIZED_AUTOS = YES_AGGRESSIVE;
				GCC_WARN_UNUSED_FUNCTION = YES;
				GCC_WARN_UNUSED_VARIABLE = YES;
				IPHONEOS_DEPLOYMENT_TARGET = 12.4;
				MTL_ENABLE_DEBUG_INFO = INCLUDE_SOURCE;
				MTL_FAST_MATH = YES;
				ONLY_ACTIVE_ARCH = YES;
				SDKROOT = iphoneos;
				SWIFT_ACTIVE_COMPILATION_CONDITIONS = DEBUG;
				SWIFT_OPTIMIZATION_LEVEL = "-Onone";
			};
			name = Debug;
		};
		19448EAA2324B2E800DB277D /* Release */ = {
			isa = XCBuildConfiguration;
			buildSettings = {
				ALWAYS_SEARCH_USER_PATHS = NO;
				CLANG_ANALYZER_NONNULL = YES;
				CLANG_ANALYZER_NUMBER_OBJECT_CONVERSION = YES_AGGRESSIVE;
				CLANG_CXX_LANGUAGE_STANDARD = "gnu++14";
				CLANG_CXX_LIBRARY = "libc++";
				CLANG_ENABLE_MODULES = YES;
				CLANG_ENABLE_OBJC_ARC = YES;
				CLANG_ENABLE_OBJC_WEAK = YES;
				CLANG_WARN_BLOCK_CAPTURE_AUTORELEASING = YES;
				CLANG_WARN_BOOL_CONVERSION = YES;
				CLANG_WARN_COMMA = YES;
				CLANG_WARN_CONSTANT_CONVERSION = YES;
				CLANG_WARN_DEPRECATED_OBJC_IMPLEMENTATIONS = YES;
				CLANG_WARN_DIRECT_OBJC_ISA_USAGE = YES_ERROR;
				CLANG_WARN_DOCUMENTATION_COMMENTS = YES;
				CLANG_WARN_EMPTY_BODY = YES;
				CLANG_WARN_ENUM_CONVERSION = YES;
				CLANG_WARN_INFINITE_RECURSION = YES;
				CLANG_WARN_INT_CONVERSION = YES;
				CLANG_WARN_NON_LITERAL_NULL_CONVERSION = YES;
				CLANG_WARN_OBJC_IMPLICIT_RETAIN_SELF = YES;
				CLANG_WARN_OBJC_LITERAL_CONVERSION = YES;
				CLANG_WARN_OBJC_ROOT_CLASS = YES_ERROR;
				CLANG_WARN_RANGE_LOOP_ANALYSIS = YES;
				CLANG_WARN_STRICT_PROTOTYPES = YES;
				CLANG_WARN_SUSPICIOUS_MOVE = YES;
				CLANG_WARN_UNGUARDED_AVAILABILITY = YES_AGGRESSIVE;
				CLANG_WARN_UNREACHABLE_CODE = YES;
				CLANG_WARN__DUPLICATE_METHOD_MATCH = YES;
				CODE_SIGN_IDENTITY = "iPhone Developer";
				COPY_PHASE_STRIP = NO;
				DEBUG_INFORMATION_FORMAT = "dwarf-with-dsym";
				ENABLE_NS_ASSERTIONS = NO;
				ENABLE_STRICT_OBJC_MSGSEND = YES;
				GCC_C_LANGUAGE_STANDARD = gnu11;
				GCC_NO_COMMON_BLOCKS = YES;
				GCC_WARN_64_TO_32_BIT_CONVERSION = YES;
				GCC_WARN_ABOUT_RETURN_TYPE = YES_ERROR;
				GCC_WARN_UNDECLARED_SELECTOR = YES;
				GCC_WARN_UNINITIALIZED_AUTOS = YES_AGGRESSIVE;
				GCC_WARN_UNUSED_FUNCTION = YES;
				GCC_WARN_UNUSED_VARIABLE = YES;
				IPHONEOS_DEPLOYMENT_TARGET = 12.4;
				MTL_ENABLE_DEBUG_INFO = NO;
				MTL_FAST_MATH = YES;
				SDKROOT = iphoneos;
				SWIFT_COMPILATION_MODE = wholemodule;
				SWIFT_OPTIMIZATION_LEVEL = "-O";
				VALIDATE_PRODUCT = YES;
			};
			name = Release;
		};
		19448EAC2324B2E800DB277D /* Debug */ = {
			isa = XCBuildConfiguration;
			baseConfigurationReference = BEA94DA5D4AE17CDE37715BA /* Pods-Flix.debug.xcconfig */;
			buildSettings = {
				ASSETCATALOG_COMPILER_APPICON_NAME = AppIcon;
				CODE_SIGN_STYLE = Automatic;
				INFOPLIST_FILE = Flix/Info.plist;
				LD_RUNPATH_SEARCH_PATHS = (
					"$(inherited)",
					"@executable_path/Frameworks",
				);
				PRODUCT_BUNDLE_IDENTIFIER = brettstevenson.Flix;
				PRODUCT_NAME = "$(TARGET_NAME)";
				SWIFT_VERSION = 5.0;
				TARGETED_DEVICE_FAMILY = "1,2";
			};
			name = Debug;
		};
		19448EAD2324B2E800DB277D /* Release */ = {
			isa = XCBuildConfiguration;
			baseConfigurationReference = 7FE04A92843F34D9C6CD0AE8 /* Pods-Flix.release.xcconfig */;
			buildSettings = {
				ASSETCATALOG_COMPILER_APPICON_NAME = AppIcon;
				CODE_SIGN_STYLE = Automatic;
				INFOPLIST_FILE = Flix/Info.plist;
				LD_RUNPATH_SEARCH_PATHS = (
					"$(inherited)",
					"@executable_path/Frameworks",
				);
				PRODUCT_BUNDLE_IDENTIFIER = brettstevenson.Flix;
				PRODUCT_NAME = "$(TARGET_NAME)";
				SWIFT_VERSION = 5.0;
				TARGETED_DEVICE_FAMILY = "1,2";
			};
			name = Release;
		};
		19448EAF2324B2E800DB277D /* Debug */ = {
			isa = XCBuildConfiguration;
			baseConfigurationReference = 254ED12E566B167858C773E8 /* Pods-FlixTests.debug.xcconfig */;
			buildSettings = {
				ALWAYS_EMBED_SWIFT_STANDARD_LIBRARIES = YES;
				BUNDLE_LOADER = "$(TEST_HOST)";
				CODE_SIGN_STYLE = Automatic;
				INFOPLIST_FILE = FlixTests/Info.plist;
				LD_RUNPATH_SEARCH_PATHS = (
					"$(inherited)",
					"@executable_path/Frameworks",
					"@loader_path/Frameworks",
				);
				PRODUCT_BUNDLE_IDENTIFIER = brettstevenson.FlixTests;
				PRODUCT_NAME = "$(TARGET_NAME)";
				SWIFT_VERSION = 5.0;
				TARGETED_DEVICE_FAMILY = "1,2";
				TEST_HOST = "$(BUILT_PRODUCTS_DIR)/Flix.app/Flix";
			};
			name = Debug;
		};
		19448EB02324B2E800DB277D /* Release */ = {
			isa = XCBuildConfiguration;
			baseConfigurationReference = 1891040E46087EF082CBC808 /* Pods-FlixTests.release.xcconfig */;
			buildSettings = {
				ALWAYS_EMBED_SWIFT_STANDARD_LIBRARIES = YES;
				BUNDLE_LOADER = "$(TEST_HOST)";
				CODE_SIGN_STYLE = Automatic;
				INFOPLIST_FILE = FlixTests/Info.plist;
				LD_RUNPATH_SEARCH_PATHS = (
					"$(inherited)",
					"@executable_path/Frameworks",
					"@loader_path/Frameworks",
				);
				PRODUCT_BUNDLE_IDENTIFIER = brettstevenson.FlixTests;
				PRODUCT_NAME = "$(TARGET_NAME)";
				SWIFT_VERSION = 5.0;
				TARGETED_DEVICE_FAMILY = "1,2";
				TEST_HOST = "$(BUILT_PRODUCTS_DIR)/Flix.app/Flix";
			};
			name = Release;
		};
		19448EB22324B2E800DB277D /* Debug */ = {
			isa = XCBuildConfiguration;
			baseConfigurationReference = A51AA0B786AF214E18A25878 /* Pods-FlixUITests.debug.xcconfig */;
			buildSettings = {
				ALWAYS_EMBED_SWIFT_STANDARD_LIBRARIES = YES;
				CODE_SIGN_STYLE = Automatic;
				INFOPLIST_FILE = FlixUITests/Info.plist;
				LD_RUNPATH_SEARCH_PATHS = (
					"$(inherited)",
					"@executable_path/Frameworks",
					"@loader_path/Frameworks",
				);
				PRODUCT_BUNDLE_IDENTIFIER = brettstevenson.FlixUITests;
				PRODUCT_NAME = "$(TARGET_NAME)";
				SWIFT_VERSION = 5.0;
				TARGETED_DEVICE_FAMILY = "1,2";
				TEST_TARGET_NAME = Flix;
			};
			name = Debug;
		};
		19448EB32324B2E800DB277D /* Release */ = {
			isa = XCBuildConfiguration;
			baseConfigurationReference = 280F8CEC9064BE62031BAD2A /* Pods-FlixUITests.release.xcconfig */;
			buildSettings = {
				ALWAYS_EMBED_SWIFT_STANDARD_LIBRARIES = YES;
				CODE_SIGN_STYLE = Automatic;
				INFOPLIST_FILE = FlixUITests/Info.plist;
				LD_RUNPATH_SEARCH_PATHS = (
					"$(inherited)",
					"@executable_path/Frameworks",
					"@loader_path/Frameworks",
				);
				PRODUCT_BUNDLE_IDENTIFIER = brettstevenson.FlixUITests;
				PRODUCT_NAME = "$(TARGET_NAME)";
				SWIFT_VERSION = 5.0;
				TARGETED_DEVICE_FAMILY = "1,2";
				TEST_TARGET_NAME = Flix;
			};
			name = Release;
		};
/* End XCBuildConfiguration section */

/* Begin XCConfigurationList section */
		19448E7E2324B2E600DB277D /* Build configuration list for PBXProject "Flix" */ = {
			isa = XCConfigurationList;
			buildConfigurations = (
				19448EA92324B2E800DB277D /* Debug */,
				19448EAA2324B2E800DB277D /* Release */,
			);
			defaultConfigurationIsVisible = 0;
			defaultConfigurationName = Release;
		};
		19448EAB2324B2E800DB277D /* Build configuration list for PBXNativeTarget "Flix" */ = {
			isa = XCConfigurationList;
			buildConfigurations = (
				19448EAC2324B2E800DB277D /* Debug */,
				19448EAD2324B2E800DB277D /* Release */,
			);
			defaultConfigurationIsVisible = 0;
			defaultConfigurationName = Release;
		};
		19448EAE2324B2E800DB277D /* Build configuration list for PBXNativeTarget "FlixTests" */ = {
			isa = XCConfigurationList;
			buildConfigurations = (
				19448EAF2324B2E800DB277D /* Debug */,
				19448EB02324B2E800DB277D /* Release */,
			);
			defaultConfigurationIsVisible = 0;
			defaultConfigurationName = Release;
		};
		19448EB12324B2E800DB277D /* Build configuration list for PBXNativeTarget "FlixUITests" */ = {
			isa = XCConfigurationList;
			buildConfigurations = (
				19448EB22324B2E800DB277D /* Debug */,
				19448EB32324B2E800DB277D /* Release */,
			);
			defaultConfigurationIsVisible = 0;
			defaultConfigurationName = Release;
		};
/* End XCConfigurationList section */
	};
	rootObject = 19448E7B2324B2E600DB277D /* Project object */;
}
